{
  "version": 4,
  "terraform_version": "0.15.3",
  "serial": 275,
  "lineage": "a357c65f-ef30-0203-b342-fa26e8782d01",
  "outputs": {
    "cluster_name": {
      "value": "studyjam-cluster-prod",
      "type": "string"
    }
  },
  "resources": [
    {
      "mode": "data",
      "type": "google_client_config",
      "name": "default",
      "provider": "provider[\"registry.terraform.io/hashicorp/google\"]",
      "instances": [
        {
          "schema_version": 0,
          "attributes": {
            "access_token": "ya29.c.KqgB_gcOut0yoAmpAGnbWcuBaj_OnQBA9Fmg7_uMiBHW3ceyxnHNzdmuVs9O3F3psGvzsYkO3thCVMrug5E4KynLqbtF7txeOQkoE9gqWFS60GC_qhpc9my3b94j-zDd1GuevzgqOLiTN-GFY32PBJ-mWC4IBPWnHGoGO7uAe6zEJ5rt2sQpwJ6MWv6-5BEA__ZIZhqaSpoIEtVJMBoLep0DXLVYHPxH3O4p",
            "id": "projects/steam-kingdom-311415/regions/europe-west2/zones/",
            "project": "steam-kingdom-311415",
            "region": "europe-west2",
            "zone": ""
          },
          "sensitive_attributes": []
        }
      ]
    },
    {
      "mode": "managed",
      "type": "local_file",
      "name": "kubeconfig",
      "provider": "provider[\"registry.terraform.io/hashicorp/local\"]",
      "instances": [
        {
          "schema_version": 0,
          "attributes": {
            "content": "apiVersion: v1\nclusters:\n- cluster:\n    certificate-authority-data: LS0tLS1CRUdJTiBDRVJUSUZJQ0FURS0tLS0tCk1JSURLekNDQWhPZ0F3SUJBZ0lSQU5GZGlFa3IyZnpoOFFkd1BPSk05VVF3RFFZSktvWklodmNOQVFFTEJRQXcKTHpFdE1Dc0dBMVVFQXhNa1pERmpPR0kzT0RndFlUZGhaQzAwT1RCa0xUZzJZall0WWpKa04yVXhZVEV4T1RZdwpNQjRYRFRJeE1EVXhNekEyTWpjd00xb1hEVEkyTURVeE1qQTNNamN3TTFvd0x6RXRNQ3NHQTFVRUF4TWtaREZqCk9HSTNPRGd0WVRkaFpDMDBPVEJrTFRnMllqWXRZakprTjJVeFlURXhPVFl3TUlJQklqQU5CZ2txaGtpRzl3MEIKQVFFRkFBT0NBUThBTUlJQkNnS0NBUUVBb29ZQnJGcndMN3AwMEpRTGZMcUFadHdxZGpLRnRTb0phL2s3YmthZQpEcGxmd3hpV3RZTm5lWmhtRG1iZE9SYTBia2NnRy84MXhZbXRPcVpWZVM2L0RqODRzajBmeVRnU1MyTkh4VW93CnVpVzZCRy9sNyswa3p6enExQjdqbE1JNkI2eVNtQVVNbHlEcURBYlBBV0pwcDlueC9RS3JLNTNaZ25sUkhNYUQKZW93NTRVUEs3Ylg3QjU2bWN3NkhUemlNRncyMnJYdkZoTGlCN0xZNEdOVFlLazhLUTIyRTV6OGlWY1VEdVBRTApVUC9UeHh1dS9WQ3BRMUxMUmZNd0U4WEtFWDdZTzVCdWdVYW1zdEgzZ0U5NStqeXZrOWYvWElINVBzYXB5M0syClpsN2NiU0NVUFQ4Nmdka3RkVkJTeUlTcVJrdXB3dFBHRjBYbFV1d2xIa2NGRVFJREFRQUJvMEl3UURBT0JnTlYKSFE4QkFmOEVCQU1DQWdRd0R3WURWUjBUQVFIL0JBVXdBd0VCL3pBZEJnTlZIUTRFRmdRVU5tcEZMRmN4QlFvYgpaMUFMdTVmSjFsbG9OVEl3RFFZSktvWklodmNOQVFFTEJRQURnZ0VCQUpNLytyOVEweTBwRXNvdi9NR1BvbnBYCkZwUWlITDdaL3l6S2p5cXhwOXZQOSs0RVFiRHBYWWFmSFpqM1RmS0JuU0VmZG9wNjljdFkrbzBQdnlKQythbGMKNnJWZG5iZ2hMK3VMQ0pLWjBoM0QxbDJYdm5ETE50OWVYNXRva1VZaWp5dHJYMUNVelYxMm1ubmdKanUzbnBCYQpPdzMvUHJOZW1nWlhJTE52dmJadCtUbUt2YnU3T0NsMVkwbW9TaUg4aERZNXR4K2ZzT2tyaVk3TTNWb0tjSEJoCkJScmdIRHdnNk1yVmFvd1JkQTNVeFArTzFVdXVZQjgzQ1JxbGFpZ0ZWbThINTdtcWRZeUVNazlQRHd6UythTTMKQTIvK2pIYTRjVHNjZzlKKzlhYkEyeGd2L1RBZ284MjV3ZEk3cnVFQ0FpaDcxUVphVG10V05yNWxaZHFiUWhnPQotLS0tLUVORCBDRVJUSUZJQ0FURS0tLS0tCg==\n    server: https://34.89.102.245\n  name: studyjam-cluster-prod\ncontexts:\n- context:\n    cluster: studyjam-cluster-prod\n    user: studyjam-cluster-prod\n  name: studyjam-cluster-prod\ncurrent-context: studyjam-cluster-prod\nkind: Config\npreferences: {}\nusers:\n- name: studyjam-cluster-prod\n  user:\n    token: ya29.c.KqgB_gcpamq32AArDN6ghFtlu1GoFKglrRoniN2rUqB2jIOp7w4pSvKhZexo99DXtyRyZAG3VqliLrMShOOBKBEMnMxlv5wB8ytYZVdduCQ5EewjsOkTrTFN_fCKHRou2M4QCrSehoRZbQsDXzBAx_TAxj1nfUao9deUXfAIwFATLkMySW89iXw8wPdYag9WarXa9ZIkQlWGb8omv8jp7UnrGmYHOUkQy6XR\n",
            "content_base64": null,
            "directory_permission": "0777",
            "file_permission": "0777",
            "filename": "kubeconfig-prod",
            "id": "12710314ee422a367aeaf5144c9ee549c2589fd9",
            "sensitive_content": null,
            "source": null
          },
          "sensitive_attributes": [
            [
              {
                "type": "get_attr",
                "value": "content"
              }
            ]
          ],
          "private": "bnVsbA==",
          "dependencies": [
            "data.google_client_config.default",
            "module.gcp-network.module.subnets.google_compute_subnetwork.subnetwork",
            "module.gcp-network.module.vpc.google_compute_network.network",
            "module.gke.data.google_compute_subnetwork.gke_subnetwork",
            "module.gke.data.google_compute_zones.available",
            "module.gke.data.google_container_engine_versions.region",
            "module.gke.data.google_container_engine_versions.zone",
            "module.gke.google_compute_firewall.intra_egress",
            "module.gke.google_compute_firewall.master_webhooks",
            "module.gke.google_compute_firewall.shadow_allow_master",
            "module.gke.google_compute_firewall.shadow_allow_nodes",
            "module.gke.google_compute_firewall.shadow_allow_pods",
            "module.gke.google_container_cluster.primary",
            "module.gke.google_container_node_pool.pools",
            "module.gke.google_project_iam_member.cluster_service_account-artifact-registry",
            "module.gke.google_project_iam_member.cluster_service_account-gcr",
            "module.gke.google_project_iam_member.cluster_service_account-log_writer",
            "module.gke.google_project_iam_member.cluster_service_account-metric_writer",
            "module.gke.google_project_iam_member.cluster_service_account-monitoring_viewer",
            "module.gke.google_project_iam_member.cluster_service_account-resourceMetadata-writer",
            "module.gke.google_service_account.cluster_service_account",
            "module.gke.kubernetes_config_map.ip-masq-agent",
            "module.gke.kubernetes_config_map.kube-dns",
            "module.gke.kubernetes_config_map.kube-dns-upstream-nameservers-and-stub-domains",
            "module.gke.kubernetes_config_map.kube-dns-upstream-namservers",
            "module.gke.module.gcloud_delete_default_kube_dns_configmap.module.gcloud_kubectl.data.external.env_override",
            "module.gke.module.gcloud_delete_default_kube_dns_configmap.module.gcloud_kubectl.null_resource.additional_components",
            "module.gke.module.gcloud_delete_default_kube_dns_configmap.module.gcloud_kubectl.null_resource.additional_components_destroy",
            "module.gke.module.gcloud_delete_default_kube_dns_configmap.module.gcloud_kubectl.null_resource.decompress",
            "module.gke.module.gcloud_delete_default_kube_dns_configmap.module.gcloud_kubectl.null_resource.decompress_destroy",
            "module.gke.module.gcloud_delete_default_kube_dns_configmap.module.gcloud_kubectl.null_resource.download_gcloud",
            "module.gke.module.gcloud_delete_default_kube_dns_configmap.module.gcloud_kubectl.null_resource.download_jq",
            "module.gke.module.gcloud_delete_default_kube_dns_configmap.module.gcloud_kubectl.null_resource.gcloud_auth_google_credentials",
            "module.gke.module.gcloud_delete_default_kube_dns_configmap.module.gcloud_kubectl.null_resource.gcloud_auth_google_credentials_destroy",
            "module.gke.module.gcloud_delete_default_kube_dns_configmap.module.gcloud_kubectl.null_resource.gcloud_auth_service_account_key_file",
            "module.gke.module.gcloud_delete_default_kube_dns_configmap.module.gcloud_kubectl.null_resource.gcloud_auth_service_account_key_file_destroy",
            "module.gke.module.gcloud_delete_default_kube_dns_configmap.module.gcloud_kubectl.null_resource.module_depends_on",
            "module.gke.module.gcloud_delete_default_kube_dns_configmap.module.gcloud_kubectl.null_resource.prepare_cache",
            "module.gke.module.gcloud_delete_default_kube_dns_configmap.module.gcloud_kubectl.null_resource.run_command",
            "module.gke.module.gcloud_delete_default_kube_dns_configmap.module.gcloud_kubectl.null_resource.run_destroy_command",
            "module.gke.module.gcloud_delete_default_kube_dns_configmap.module.gcloud_kubectl.null_resource.upgrade",
            "module.gke.module.gcloud_delete_default_kube_dns_configmap.module.gcloud_kubectl.null_resource.upgrade_destroy",
            "module.gke.module.gcloud_delete_default_kube_dns_configmap.module.gcloud_kubectl.random_id.cache",
            "module.gke.random_shuffle.available_zones",
            "module.gke.random_string.cluster_service_account_suffix",
            "module.gke_auth.data.google_client_config.provider",
            "module.gke_auth.data.google_container_cluster.gke_cluster",
            "module.gke_auth.data.template_file.kubeconfig"
          ]
        }
      ]
    },
    {
      "module": "module.gcp-network.module.subnets",
      "mode": "managed",
      "type": "google_compute_subnetwork",
      "name": "subnetwork",
      "provider": "provider[\"registry.terraform.io/hashicorp/google\"]",
      "instances": [
        {
          "index_key": "europe-west2/gke-subnet-prod",
          "schema_version": 0,
          "attributes": {
            "creation_timestamp": "2021-05-13T00:26:18.388-07:00",
            "description": "",
            "fingerprint": null,
            "gateway_address": "10.10.0.1",
            "id": "projects/steam-kingdom-311415/regions/europe-west2/subnetworks/gke-subnet-prod",
            "ip_cidr_range": "10.10.0.0/16",
            "log_config": [],
            "name": "gke-subnet-prod",
            "network": "https://www.googleapis.com/compute/v1/projects/steam-kingdom-311415/global/networks/gke-network-prod",
            "private_ip_google_access": false,
            "private_ipv6_google_access": "DISABLE_GOOGLE_ACCESS",
            "project": "steam-kingdom-311415",
            "region": "europe-west2",
            "secondary_ip_range": [
              {
                "ip_cidr_range": "10.20.0.0/16",
                "range_name": "ip-range-pods"
              },
              {
                "ip_cidr_range": "10.30.0.0/16",
                "range_name": "ip-range-services"
              }
            ],
            "self_link": "https://www.googleapis.com/compute/v1/projects/steam-kingdom-311415/regions/europe-west2/subnetworks/gke-subnet-prod",
            "timeouts": null
          },
          "sensitive_attributes": [],
          "private": "eyJlMmJmYjczMC1lY2FhLTExZTYtOGY4OC0zNDM2M2JjN2M0YzAiOnsiY3JlYXRlIjozNjAwMDAwMDAwMDAsImRlbGV0ZSI6MzYwMDAwMDAwMDAwLCJ1cGRhdGUiOjM2MDAwMDAwMDAwMH19",
          "dependencies": [
            "module.gcp-network.module.vpc.google_compute_network.network"
          ]
        }
      ]
    },
    {
      "module": "module.gcp-network.module.vpc",
      "mode": "managed",
      "type": "google_compute_network",
      "name": "network",
      "provider": "provider[\"registry.terraform.io/hashicorp/google\"]",
      "instances": [
        {
          "schema_version": 0,
          "attributes": {
            "auto_create_subnetworks": false,
            "delete_default_routes_on_create": false,
            "description": "",
            "gateway_ipv4": "",
            "id": "projects/steam-kingdom-311415/global/networks/gke-network-prod",
            "mtu": 0,
            "name": "gke-network-prod",
            "project": "steam-kingdom-311415",
            "routing_mode": "GLOBAL",
            "self_link": "https://www.googleapis.com/compute/v1/projects/steam-kingdom-311415/global/networks/gke-network-prod",
            "timeouts": null
          },
          "sensitive_attributes": [],
          "private": "eyJlMmJmYjczMC1lY2FhLTExZTYtOGY4OC0zNDM2M2JjN2M0YzAiOnsiY3JlYXRlIjoyNDAwMDAwMDAwMDAsImRlbGV0ZSI6MjQwMDAwMDAwMDAwLCJ1cGRhdGUiOjI0MDAwMDAwMDAwMH19"
        }
      ]
    },
    {
      "module": "module.gke",
      "mode": "data",
      "type": "google_compute_zones",
      "name": "available",
      "provider": "provider[\"registry.terraform.io/hashicorp/google\"]",
      "instances": [
        {
          "schema_version": 0,
          "attributes": {
            "id": "projects/steam-kingdom-311415/regions/europe-west2",
            "names": [
              "europe-west2-a",
              "europe-west2-b",
              "europe-west2-c"
            ],
            "project": "steam-kingdom-311415",
            "region": "europe-west2",
            "status": null
          },
          "sensitive_attributes": []
        }
      ]
    },
    {
      "module": "module.gke",
      "mode": "data",
      "type": "google_container_engine_versions",
      "name": "region",
      "provider": "provider[\"registry.terraform.io/hashicorp/google\"]",
      "instances": [
        {
          "schema_version": 0,
          "attributes": {
            "default_cluster_version": "1.18.17-gke.100",
            "id": "2021-05-13 07:25:16.54593977 +0000 UTC",
            "latest_master_version": "1.19.9-gke.1900",
            "latest_node_version": "1.19.9-gke.1900",
            "location": "europe-west2",
            "project": "steam-kingdom-311415",
            "release_channel_default_version": {
              "RAPID": "1.19.9-gke.1900",
              "REGULAR": "1.18.17-gke.100",
              "STABLE": "1.18.17-gke.100"
            },
            "valid_master_versions": [
              "1.19.9-gke.1900",
              "1.19.9-gke.1400",
              "1.19.8-gke.1600",
              "1.18.17-gke.1900",
              "1.18.17-gke.1200",
              "1.18.17-gke.700",
              "1.18.17-gke.100",
              "1.18.16-gke.2100",
              "1.18.16-gke.1201",
              "1.18.16-gke.502",
              "1.18.16-gke.302",
              "1.18.16-gke.300",
              "1.18.15-gke.1502",
              "1.18.15-gke.1501",
              "1.17.17-gke.7200",
              "1.17.17-gke.6700",
              "1.17.17-gke.6000",
              "1.17.17-gke.5400",
              "1.17.17-gke.4900",
              "1.17.17-gke.4400",
              "1.17.17-gke.3700"
            ],
            "valid_node_versions": [
              "1.19.9-gke.1900",
              "1.19.9-gke.1400",
              "1.19.8-gke.1600",
              "1.18.17-gke.1900",
              "1.18.17-gke.1200",
              "1.18.17-gke.700",
              "1.18.17-gke.100",
              "1.18.16-gke.2100",
              "1.18.16-gke.1201",
              "1.18.16-gke.1200",
              "1.18.16-gke.502",
              "1.18.16-gke.500",
              "1.18.16-gke.302",
              "1.18.16-gke.300",
              "1.18.15-gke.2500",
              "1.18.15-gke.1502",
              "1.18.15-gke.1501",
              "1.18.15-gke.1500",
              "1.18.15-gke.1102",
              "1.18.15-gke.1100",
              "1.18.15-gke.800",
              "1.18.14-gke.1600",
              "1.18.14-gke.1200",
              "1.18.12-gke.1210",
              "1.18.12-gke.1206",
              "1.18.12-gke.1205",
              "1.18.12-gke.1201",
              "1.18.12-gke.1200",
              "1.18.12-gke.300",
              "1.18.10-gke.2701",
              "1.18.10-gke.2101",
              "1.18.10-gke.1500",
              "1.18.10-gke.601",
              "1.18.9-gke.2501",
              "1.18.9-gke.1501",
              "1.18.9-gke.801",
              "1.18.6-gke.4801",
              "1.18.6-gke.3504",
              "1.18.6-gke.3503",
              "1.17.17-gke.7200",
              "1.17.17-gke.6700",
              "1.17.17-gke.6000",
              "1.17.17-gke.5400",
              "1.17.17-gke.4900",
              "1.17.17-gke.4400",
              "1.17.17-gke.3700",
              "1.17.17-gke.3000",
              "1.17.17-gke.2800",
              "1.17.17-gke.2500",
              "1.17.17-gke.1500",
              "1.17.17-gke.1101",
              "1.17.17-gke.1100",
              "1.17.17-gke.600",
              "1.17.16-gke.1600",
              "1.17.16-gke.1300",
              "1.17.15-gke.800",
              "1.17.15-gke.300",
              "1.17.14-gke.1600",
              "1.17.14-gke.1200",
              "1.17.14-gke.400",
              "1.17.13-gke.2600",
              "1.17.13-gke.2001",
              "1.17.13-gke.1401",
              "1.17.13-gke.1400",
              "1.17.13-gke.600",
              "1.17.12-gke.2502",
              "1.17.12-gke.1504",
              "1.17.12-gke.1501",
              "1.17.12-gke.500",
              "1.17.9-gke.6300",
              "1.17.9-gke.1504",
              "1.16.15-gke.14800",
              "1.16.15-gke.12500",
              "1.16.15-gke.11800",
              "1.16.15-gke.10600",
              "1.16.15-gke.7801",
              "1.16.15-gke.7800",
              "1.16.15-gke.7300",
              "1.16.15-gke.6900",
              "1.16.15-gke.6000",
              "1.16.15-gke.5500",
              "1.16.15-gke.4901",
              "1.16.15-gke.4301",
              "1.16.15-gke.4300",
              "1.16.15-gke.3500",
              "1.16.15-gke.2601",
              "1.16.15-gke.1600",
              "1.16.15-gke.500",
              "1.16.13-gke.404",
              "1.16.13-gke.403",
              "1.16.13-gke.401",
              "1.16.13-gke.400",
              "1.16.13-gke.1",
              "1.16.11-gke.5",
              "1.16.10-gke.8",
              "1.16.9-gke.6",
              "1.16.9-gke.2",
              "1.16.8-gke.15",
              "1.16.8-gke.12",
              "1.16.8-gke.9",
              "1.15.12-gke.6002",
              "1.15.12-gke.6001",
              "1.15.12-gke.5000",
              "1.15.12-gke.4002",
              "1.15.12-gke.4000",
              "1.15.12-gke.20",
              "1.15.12-gke.17",
              "1.15.12-gke.16",
              "1.15.12-gke.13",
              "1.15.12-gke.9",
              "1.15.12-gke.6",
              "1.15.12-gke.3",
              "1.15.12-gke.2",
              "1.15.11-gke.17",
              "1.15.11-gke.15",
              "1.15.11-gke.13",
              "1.15.11-gke.12",
              "1.15.11-gke.11",
              "1.15.11-gke.9",
              "1.15.11-gke.5",
              "1.15.11-gke.3",
              "1.15.11-gke.1",
              "1.15.9-gke.26",
              "1.15.9-gke.24",
              "1.15.9-gke.22",
              "1.15.9-gke.12",
              "1.15.9-gke.9",
              "1.15.9-gke.8",
              "1.15.8-gke.3",
              "1.15.8-gke.2",
              "1.15.7-gke.23",
              "1.15.7-gke.2",
              "1.15.4-gke.22",
              "1.14.10-gke.1504",
              "1.14.10-gke.902",
              "1.14.10-gke.50",
              "1.14.10-gke.46",
              "1.14.10-gke.45",
              "1.14.10-gke.42",
              "1.14.10-gke.41",
              "1.14.10-gke.40",
              "1.14.10-gke.37",
              "1.14.10-gke.36",
              "1.14.10-gke.34",
              "1.14.10-gke.32",
              "1.14.10-gke.31",
              "1.14.10-gke.27",
              "1.14.10-gke.24",
              "1.14.10-gke.22",
              "1.14.10-gke.21",
              "1.14.10-gke.17",
              "1.14.10-gke.0",
              "1.14.9-gke.23",
              "1.14.9-gke.2",
              "1.14.9-gke.0",
              "1.14.8-gke.33",
              "1.14.8-gke.21",
              "1.14.8-gke.18",
              "1.14.8-gke.17",
              "1.14.8-gke.14",
              "1.14.8-gke.12",
              "1.14.8-gke.7",
              "1.14.8-gke.2",
              "1.14.7-gke.40",
              "1.14.7-gke.25",
              "1.14.7-gke.23",
              "1.14.7-gke.17",
              "1.14.7-gke.14",
              "1.14.7-gke.10",
              "1.14.6-gke.13",
              "1.14.6-gke.2",
              "1.14.6-gke.1",
              "1.14.3-gke.11",
              "1.14.3-gke.10",
              "1.14.3-gke.9",
              "1.14.2-gke.9",
              "1.14.1-gke.5",
              "1.13.12-gke.30",
              "1.13.12-gke.25",
              "1.13.12-gke.17",
              "1.13.12-gke.16",
              "1.13.12-gke.14",
              "1.13.12-gke.13",
              "1.13.12-gke.10",
              "1.13.12-gke.8",
              "1.13.12-gke.4",
              "1.13.12-gke.2",
              "1.13.11-gke.23",
              "1.13.11-gke.15",
              "1.13.11-gke.14",
              "1.13.11-gke.12",
              "1.13.11-gke.11",
              "1.13.11-gke.9",
              "1.13.11-gke.5",
              "1.13.10-gke.7",
              "1.13.10-gke.0",
              "1.13.9-gke.11",
              "1.13.9-gke.3",
              "1.13.7-gke.24",
              "1.13.7-gke.19",
              "1.13.7-gke.15",
              "1.13.7-gke.8",
              "1.13.7-gke.0",
              "1.13.6-gke.13",
              "1.13.6-gke.6",
              "1.13.6-gke.5",
              "1.13.6-gke.0",
              "1.13.5-gke.10",
              "1.12.10-gke.22",
              "1.12.10-gke.20",
              "1.12.10-gke.19",
              "1.12.10-gke.18",
              "1.12.10-gke.17",
              "1.12.10-gke.15",
              "1.12.10-gke.13",
              "1.12.10-gke.11",
              "1.12.10-gke.5",
              "1.12.9-gke.16",
              "1.12.9-gke.15",
              "1.12.9-gke.13",
              "1.12.9-gke.10",
              "1.12.9-gke.7",
              "1.12.9-gke.3",
              "1.12.8-gke.12",
              "1.12.8-gke.10",
              "1.12.8-gke.7",
              "1.12.8-gke.6",
              "1.12.7-gke.26",
              "1.12.7-gke.25",
              "1.12.7-gke.24",
              "1.12.7-gke.22",
              "1.12.7-gke.21",
              "1.12.7-gke.17",
              "1.12.7-gke.10",
              "1.12.7-gke.7",
              "1.12.6-gke.11",
              "1.12.6-gke.10",
              "1.12.6-gke.7",
              "1.12.5-gke.10",
              "1.12.5-gke.5",
              "1.11.10-gke.6",
              "1.11.10-gke.5"
            ],
            "version_prefix": null
          },
          "sensitive_attributes": []
        }
      ]
    },
    {
      "module": "module.gke",
      "mode": "data",
      "type": "google_container_engine_versions",
      "name": "zone",
      "provider": "provider[\"registry.terraform.io/hashicorp/google\"]",
      "instances": [
        {
          "schema_version": 0,
          "attributes": {
            "default_cluster_version": "1.18.17-gke.100",
            "id": "2021-05-13 07:25:25.147261734 +0000 UTC",
            "latest_master_version": "1.19.9-gke.1900",
            "latest_node_version": "1.19.9-gke.1900",
            "location": "europe-west2-a",
            "project": "steam-kingdom-311415",
            "release_channel_default_version": {
              "RAPID": "1.19.9-gke.1900",
              "REGULAR": "1.18.17-gke.100",
              "STABLE": "1.18.17-gke.100"
            },
            "valid_master_versions": [
              "1.19.9-gke.1900",
              "1.19.9-gke.1400",
              "1.19.8-gke.1600",
              "1.18.17-gke.1900",
              "1.18.17-gke.1200",
              "1.18.17-gke.700",
              "1.18.17-gke.100",
              "1.18.16-gke.2100",
              "1.18.16-gke.1201",
              "1.18.16-gke.502",
              "1.18.16-gke.302",
              "1.18.16-gke.300",
              "1.18.15-gke.1502",
              "1.18.15-gke.1501",
              "1.17.17-gke.7200",
              "1.17.17-gke.6700",
              "1.17.17-gke.6000",
              "1.17.17-gke.5400",
              "1.17.17-gke.4900",
              "1.17.17-gke.4400",
              "1.17.17-gke.3700"
            ],
            "valid_node_versions": [
              "1.19.9-gke.1900",
              "1.19.9-gke.1400",
              "1.19.8-gke.1600",
              "1.18.17-gke.1900",
              "1.18.17-gke.1200",
              "1.18.17-gke.700",
              "1.18.17-gke.100",
              "1.18.16-gke.2100",
              "1.18.16-gke.1201",
              "1.18.16-gke.1200",
              "1.18.16-gke.502",
              "1.18.16-gke.500",
              "1.18.16-gke.302",
              "1.18.16-gke.300",
              "1.18.15-gke.2500",
              "1.18.15-gke.1502",
              "1.18.15-gke.1501",
              "1.18.15-gke.1500",
              "1.18.15-gke.1102",
              "1.18.15-gke.1100",
              "1.18.15-gke.800",
              "1.18.14-gke.1600",
              "1.18.14-gke.1200",
              "1.18.12-gke.1210",
              "1.18.12-gke.1206",
              "1.18.12-gke.1205",
              "1.18.12-gke.1201",
              "1.18.12-gke.1200",
              "1.18.12-gke.300",
              "1.18.10-gke.2701",
              "1.18.10-gke.2101",
              "1.18.10-gke.1500",
              "1.18.10-gke.601",
              "1.18.9-gke.2501",
              "1.18.9-gke.1501",
              "1.18.9-gke.801",
              "1.18.6-gke.4801",
              "1.18.6-gke.3504",
              "1.18.6-gke.3503",
              "1.17.17-gke.7200",
              "1.17.17-gke.6700",
              "1.17.17-gke.6000",
              "1.17.17-gke.5400",
              "1.17.17-gke.4900",
              "1.17.17-gke.4400",
              "1.17.17-gke.3700",
              "1.17.17-gke.3000",
              "1.17.17-gke.2800",
              "1.17.17-gke.2500",
              "1.17.17-gke.1500",
              "1.17.17-gke.1101",
              "1.17.17-gke.1100",
              "1.17.17-gke.600",
              "1.17.16-gke.1600",
              "1.17.16-gke.1300",
              "1.17.15-gke.800",
              "1.17.15-gke.300",
              "1.17.14-gke.1600",
              "1.17.14-gke.1200",
              "1.17.14-gke.400",
              "1.17.13-gke.2600",
              "1.17.13-gke.2001",
              "1.17.13-gke.1401",
              "1.17.13-gke.1400",
              "1.17.13-gke.600",
              "1.17.12-gke.2502",
              "1.17.12-gke.1504",
              "1.17.12-gke.1501",
              "1.17.12-gke.500",
              "1.17.9-gke.6300",
              "1.17.9-gke.1504",
              "1.16.15-gke.14800",
              "1.16.15-gke.12500",
              "1.16.15-gke.11800",
              "1.16.15-gke.10600",
              "1.16.15-gke.7801",
              "1.16.15-gke.7800",
              "1.16.15-gke.7300",
              "1.16.15-gke.6900",
              "1.16.15-gke.6000",
              "1.16.15-gke.5500",
              "1.16.15-gke.4901",
              "1.16.15-gke.4301",
              "1.16.15-gke.4300",
              "1.16.15-gke.3500",
              "1.16.15-gke.2601",
              "1.16.15-gke.1600",
              "1.16.15-gke.500",
              "1.16.13-gke.404",
              "1.16.13-gke.403",
              "1.16.13-gke.401",
              "1.16.13-gke.400",
              "1.16.13-gke.1",
              "1.16.11-gke.5",
              "1.16.10-gke.8",
              "1.16.9-gke.6",
              "1.16.9-gke.2",
              "1.16.8-gke.15",
              "1.16.8-gke.12",
              "1.16.8-gke.9",
              "1.15.12-gke.6002",
              "1.15.12-gke.6001",
              "1.15.12-gke.5000",
              "1.15.12-gke.4002",
              "1.15.12-gke.4000",
              "1.15.12-gke.20",
              "1.15.12-gke.17",
              "1.15.12-gke.16",
              "1.15.12-gke.13",
              "1.15.12-gke.9",
              "1.15.12-gke.6",
              "1.15.12-gke.3",
              "1.15.12-gke.2",
              "1.15.11-gke.17",
              "1.15.11-gke.15",
              "1.15.11-gke.13",
              "1.15.11-gke.12",
              "1.15.11-gke.11",
              "1.15.11-gke.9",
              "1.15.11-gke.5",
              "1.15.11-gke.3",
              "1.15.11-gke.1",
              "1.15.9-gke.26",
              "1.15.9-gke.24",
              "1.15.9-gke.22",
              "1.15.9-gke.12",
              "1.15.9-gke.9",
              "1.15.9-gke.8",
              "1.15.8-gke.3",
              "1.15.8-gke.2",
              "1.15.7-gke.23",
              "1.15.7-gke.2",
              "1.15.4-gke.22",
              "1.14.10-gke.1504",
              "1.14.10-gke.902",
              "1.14.10-gke.50",
              "1.14.10-gke.46",
              "1.14.10-gke.45",
              "1.14.10-gke.42",
              "1.14.10-gke.41",
              "1.14.10-gke.40",
              "1.14.10-gke.37",
              "1.14.10-gke.36",
              "1.14.10-gke.34",
              "1.14.10-gke.32",
              "1.14.10-gke.31",
              "1.14.10-gke.27",
              "1.14.10-gke.24",
              "1.14.10-gke.22",
              "1.14.10-gke.21",
              "1.14.10-gke.17",
              "1.14.10-gke.0",
              "1.14.9-gke.23",
              "1.14.9-gke.2",
              "1.14.9-gke.0",
              "1.14.8-gke.33",
              "1.14.8-gke.21",
              "1.14.8-gke.18",
              "1.14.8-gke.17",
              "1.14.8-gke.14",
              "1.14.8-gke.12",
              "1.14.8-gke.7",
              "1.14.8-gke.2",
              "1.14.7-gke.40",
              "1.14.7-gke.25",
              "1.14.7-gke.23",
              "1.14.7-gke.17",
              "1.14.7-gke.14",
              "1.14.7-gke.10",
              "1.14.6-gke.13",
              "1.14.6-gke.2",
              "1.14.6-gke.1",
              "1.14.3-gke.11",
              "1.14.3-gke.10",
              "1.14.3-gke.9",
              "1.14.2-gke.9",
              "1.14.1-gke.5",
              "1.13.12-gke.30",
              "1.13.12-gke.25",
              "1.13.12-gke.17",
              "1.13.12-gke.16",
              "1.13.12-gke.14",
              "1.13.12-gke.13",
              "1.13.12-gke.10",
              "1.13.12-gke.8",
              "1.13.12-gke.4",
              "1.13.12-gke.2",
              "1.13.11-gke.23",
              "1.13.11-gke.15",
              "1.13.11-gke.14",
              "1.13.11-gke.12",
              "1.13.11-gke.11",
              "1.13.11-gke.9",
              "1.13.11-gke.5",
              "1.13.10-gke.7",
              "1.13.10-gke.0",
              "1.13.9-gke.11",
              "1.13.9-gke.3",
              "1.13.7-gke.24",
              "1.13.7-gke.19",
              "1.13.7-gke.15",
              "1.13.7-gke.8",
              "1.13.7-gke.0",
              "1.13.6-gke.13",
              "1.13.6-gke.6",
              "1.13.6-gke.5",
              "1.13.6-gke.0",
              "1.13.5-gke.10",
              "1.12.10-gke.22",
              "1.12.10-gke.20",
              "1.12.10-gke.19",
              "1.12.10-gke.18",
              "1.12.10-gke.17",
              "1.12.10-gke.15",
              "1.12.10-gke.13",
              "1.12.10-gke.11",
              "1.12.10-gke.5",
              "1.12.9-gke.16",
              "1.12.9-gke.15",
              "1.12.9-gke.13",
              "1.12.9-gke.10",
              "1.12.9-gke.7",
              "1.12.9-gke.3",
              "1.12.8-gke.12",
              "1.12.8-gke.10",
              "1.12.8-gke.7",
              "1.12.8-gke.6",
              "1.12.7-gke.26",
              "1.12.7-gke.25",
              "1.12.7-gke.24",
              "1.12.7-gke.22",
              "1.12.7-gke.21",
              "1.12.7-gke.17",
              "1.12.7-gke.10",
              "1.12.7-gke.7",
              "1.12.6-gke.11",
              "1.12.6-gke.10",
              "1.12.6-gke.7",
              "1.12.5-gke.10",
              "1.12.5-gke.5",
              "1.11.10-gke.6",
              "1.11.10-gke.5"
            ],
            "version_prefix": null
          },
          "sensitive_attributes": []
        }
      ]
    },
    {
      "module": "module.gke",
      "mode": "managed",
      "type": "google_container_cluster",
      "name": "primary",
      "provider": "provider[\"registry.terraform.io/hashicorp/google\"]",
      "instances": [
        {
          "schema_version": 1,
          "attributes": {
            "addons_config": [
              {
                "cloudrun_config": [],
                "horizontal_pod_autoscaling": [
                  {
                    "disabled": false
                  }
                ],
                "http_load_balancing": [
                  {
                    "disabled": false
                  }
                ],
                "network_policy_config": [
                  {
                    "disabled": true
                  }
                ]
              }
            ],
            "authenticator_groups_config": [],
            "cluster_autoscaling": [
              {
                "auto_provisioning_defaults": [],
                "enabled": false,
                "resource_limits": []
              }
            ],
            "cluster_ipv4_cidr": "10.20.0.0/16",
            "database_encryption": [
              {
                "key_name": "",
                "state": "DECRYPTED"
              }
            ],
            "datapath_provider": "",
            "default_max_pods_per_node": 110,
            "default_snat_status": [
              {
                "disabled": false
              }
            ],
            "description": "",
            "enable_autopilot": false,
            "enable_binary_authorization": false,
            "enable_intranode_visibility": false,
            "enable_kubernetes_alpha": false,
            "enable_legacy_abac": false,
            "enable_shielded_nodes": true,
            "enable_tpu": false,
            "endpoint": "34.89.102.245",
            "id": "projects/steam-kingdom-311415/locations/europe-west2/clusters/studyjam-cluster-prod",
            "initial_node_count": 0,
            "instance_group_urls": [],
            "ip_allocation_policy": [
              {
                "cluster_ipv4_cidr_block": "10.20.0.0/16",
                "cluster_secondary_range_name": "ip-range-pods",
                "services_ipv4_cidr_block": "10.30.0.0/16",
                "services_secondary_range_name": "ip-range-services"
              }
            ],
            "label_fingerprint": "a9dc16a7",
            "location": "europe-west2",
            "logging_service": "logging.googleapis.com/kubernetes",
            "maintenance_policy": [
              {
                "daily_maintenance_window": [
                  {
                    "duration": "PT4H0M0S",
                    "start_time": "05:00"
                  }
                ],
                "maintenance_exclusion": [],
                "recurring_window": []
              }
            ],
            "master_auth": [
              {
                "client_certificate": "",
                "client_certificate_config": [
                  {
                    "issue_client_certificate": false
                  }
                ],
                "client_key": "",
                "cluster_ca_certificate": "LS0tLS1CRUdJTiBDRVJUSUZJQ0FURS0tLS0tCk1JSURLekNDQWhPZ0F3SUJBZ0lSQU5GZGlFa3IyZnpoOFFkd1BPSk05VVF3RFFZSktvWklodmNOQVFFTEJRQXcKTHpFdE1Dc0dBMVVFQXhNa1pERmpPR0kzT0RndFlUZGhaQzAwT1RCa0xUZzJZall0WWpKa04yVXhZVEV4T1RZdwpNQjRYRFRJeE1EVXhNekEyTWpjd00xb1hEVEkyTURVeE1qQTNNamN3TTFvd0x6RXRNQ3NHQTFVRUF4TWtaREZqCk9HSTNPRGd0WVRkaFpDMDBPVEJrTFRnMllqWXRZakprTjJVeFlURXhPVFl3TUlJQklqQU5CZ2txaGtpRzl3MEIKQVFFRkFBT0NBUThBTUlJQkNnS0NBUUVBb29ZQnJGcndMN3AwMEpRTGZMcUFadHdxZGpLRnRTb0phL2s3YmthZQpEcGxmd3hpV3RZTm5lWmhtRG1iZE9SYTBia2NnRy84MXhZbXRPcVpWZVM2L0RqODRzajBmeVRnU1MyTkh4VW93CnVpVzZCRy9sNyswa3p6enExQjdqbE1JNkI2eVNtQVVNbHlEcURBYlBBV0pwcDlueC9RS3JLNTNaZ25sUkhNYUQKZW93NTRVUEs3Ylg3QjU2bWN3NkhUemlNRncyMnJYdkZoTGlCN0xZNEdOVFlLazhLUTIyRTV6OGlWY1VEdVBRTApVUC9UeHh1dS9WQ3BRMUxMUmZNd0U4WEtFWDdZTzVCdWdVYW1zdEgzZ0U5NStqeXZrOWYvWElINVBzYXB5M0syClpsN2NiU0NVUFQ4Nmdka3RkVkJTeUlTcVJrdXB3dFBHRjBYbFV1d2xIa2NGRVFJREFRQUJvMEl3UURBT0JnTlYKSFE4QkFmOEVCQU1DQWdRd0R3WURWUjBUQVFIL0JBVXdBd0VCL3pBZEJnTlZIUTRFRmdRVU5tcEZMRmN4QlFvYgpaMUFMdTVmSjFsbG9OVEl3RFFZSktvWklodmNOQVFFTEJRQURnZ0VCQUpNLytyOVEweTBwRXNvdi9NR1BvbnBYCkZwUWlITDdaL3l6S2p5cXhwOXZQOSs0RVFiRHBYWWFmSFpqM1RmS0JuU0VmZG9wNjljdFkrbzBQdnlKQythbGMKNnJWZG5iZ2hMK3VMQ0pLWjBoM0QxbDJYdm5ETE50OWVYNXRva1VZaWp5dHJYMUNVelYxMm1ubmdKanUzbnBCYQpPdzMvUHJOZW1nWlhJTE52dmJadCtUbUt2YnU3T0NsMVkwbW9TaUg4aERZNXR4K2ZzT2tyaVk3TTNWb0tjSEJoCkJScmdIRHdnNk1yVmFvd1JkQTNVeFArTzFVdXVZQjgzQ1JxbGFpZ0ZWbThINTdtcWRZeUVNazlQRHd6UythTTMKQTIvK2pIYTRjVHNjZzlKKzlhYkEyeGd2L1RBZ284MjV3ZEk3cnVFQ0FpaDcxUVphVG10V05yNWxaZHFiUWhnPQotLS0tLUVORCBDRVJUSUZJQ0FURS0tLS0tCg==",
                "password": "",
                "username": ""
              }
            ],
            "master_authorized_networks_config": [],
            "master_version": "1.19.9-gke.1900",
            "min_master_version": "1.19.9-gke.1900",
            "monitoring_service": "monitoring.googleapis.com/kubernetes",
            "name": "studyjam-cluster-prod",
            "network": "projects/steam-kingdom-311415/global/networks/gke-network-prod",
            "network_policy": [
              {
                "enabled": false,
                "provider": "PROVIDER_UNSPECIFIED"
              }
            ],
            "networking_mode": "VPC_NATIVE",
            "node_config": [],
            "node_locations": [
              "europe-west2-a",
              "europe-west2-b",
              "europe-west2-c"
            ],
            "node_pool": [],
            "node_version": "1.19.9-gke.1900",
            "operation": null,
            "pod_security_policy_config": [],
            "private_cluster_config": [],
            "private_ipv6_google_access": "",
            "project": "steam-kingdom-311415",
            "release_channel": [
              {
                "channel": "UNSPECIFIED"
              }
            ],
            "remove_default_node_pool": true,
            "resource_labels": null,
            "resource_usage_export_config": [],
            "self_link": "https://container.googleapis.com/v1beta1/projects/steam-kingdom-311415/locations/europe-west2/clusters/studyjam-cluster-prod",
            "services_ipv4_cidr": "10.30.0.0/16",
            "subnetwork": "projects/steam-kingdom-311415/regions/europe-west2/subnetworks/gke-subnet-prod",
            "timeouts": {
              "create": "45m",
              "delete": "45m",
              "read": null,
              "update": "45m"
            },
            "tpu_ipv4_cidr_block": "",
            "vertical_pod_autoscaling": [
              {
                "enabled": false
              }
            ],
            "workload_identity_config": [
              {
                "identity_namespace": "steam-kingdom-311415.svc.id.goog"
              }
            ]
          },
          "sensitive_attributes": [],
          "private": "eyJlMmJmYjczMC1lY2FhLTExZTYtOGY4OC0zNDM2M2JjN2M0YzAiOnsiY3JlYXRlIjoyNzAwMDAwMDAwMDAwLCJkZWxldGUiOjI3MDAwMDAwMDAwMDAsInJlYWQiOjI0MDAwMDAwMDAwMDAsInVwZGF0ZSI6MjcwMDAwMDAwMDAwMH0sInNjaGVtYV92ZXJzaW9uIjoiMSJ9",
          "dependencies": [
            "module.gcp-network.module.subnets.google_compute_subnetwork.subnetwork",
            "module.gcp-network.module.vpc.google_compute_network.network",
            "module.gke.data.google_compute_zones.available",
            "module.gke.data.google_container_engine_versions.region",
            "module.gke.data.google_container_engine_versions.zone",
            "module.gke.google_service_account.cluster_service_account",
            "module.gke.random_shuffle.available_zones"
          ]
        }
      ]
    },
    {
      "module": "module.gke",
      "mode": "managed",
      "type": "google_container_node_pool",
      "name": "pools",
      "provider": "provider[\"registry.terraform.io/hashicorp/google\"]",
      "instances": [
        {
          "index_key": "node-pool",
          "schema_version": 1,
          "attributes": {
            "autoscaling": [
              {
                "max_node_count": 3,
                "min_node_count": 1
              }
            ],
            "cluster": "studyjam-cluster-prod",
            "id": "projects/steam-kingdom-311415/locations/europe-west2/clusters/studyjam-cluster-prod/nodePools/node-pool",
            "initial_node_count": 1,
            "instance_group_urls": [
              "https://www.googleapis.com/compute/v1/projects/steam-kingdom-311415/zones/europe-west2-a/instanceGroupManagers/gke-studyjam-cluster-prod-node-pool-313335af-grp",
              "https://www.googleapis.com/compute/v1/projects/steam-kingdom-311415/zones/europe-west2-b/instanceGroupManagers/gke-studyjam-cluster-prod-node-pool-e01c3ffe-grp",
              "https://www.googleapis.com/compute/v1/projects/steam-kingdom-311415/zones/europe-west2-c/instanceGroupManagers/gke-studyjam-cluster-prod-node-pool-66856341-grp"
            ],
            "location": "europe-west2",
            "management": [
              {
                "auto_repair": true,
                "auto_upgrade": true
              }
            ],
            "max_pods_per_node": 110,
            "name": "node-pool",
            "name_prefix": "",
            "node_config": [
              {
                "disk_size_gb": 30,
                "disk_type": "pd-standard",
                "guest_accelerator": [],
                "image_type": "COS",
                "labels": {
                  "cluster_name": "studyjam-cluster-prod",
                  "node_pool": "node-pool"
                },
                "local_ssd_count": 0,
                "machine_type": "e2-medium",
                "metadata": {
                  "cluster_name": "studyjam-cluster-prod",
                  "disable-legacy-endpoints": "true",
                  "node_pool": "node-pool"
                },
                "min_cpu_platform": "",
                "oauth_scopes": [
                  "https://www.googleapis.com/auth/cloud-platform"
                ],
                "preemptible": false,
                "service_account": "gke-service-account@steam-kingdom-311415.iam.gserviceaccount.com",
                "shielded_instance_config": [
                  {
                    "enable_integrity_monitoring": true,
                    "enable_secure_boot": false
                  }
                ],
                "tags": [
                  "gke-studyjam-cluster-prod",
                  "gke-studyjam-cluster-prod-node-pool"
                ],
                "taint": [],
                "workload_metadata_config": [
                  {
                    "node_metadata": "GKE_METADATA_SERVER"
                  }
                ]
              }
            ],
            "node_count": 1,
            "node_locations": [
              "europe-west2-a",
              "europe-west2-b",
              "europe-west2-c"
            ],
            "operation": null,
            "project": "steam-kingdom-311415",
            "timeouts": {
              "create": "45m",
              "delete": "45m",
              "update": "45m"
            },
            "upgrade_settings": [
              {
                "max_surge": 1,
                "max_unavailable": 0
              }
            ],
            "version": "1.19.9-gke.1900"
          },
          "sensitive_attributes": [],
          "private": "eyJlMmJmYjczMC1lY2FhLTExZTYtOGY4OC0zNDM2M2JjN2M0YzAiOnsiY3JlYXRlIjoyNzAwMDAwMDAwMDAwLCJkZWxldGUiOjI3MDAwMDAwMDAwMDAsInVwZGF0ZSI6MjcwMDAwMDAwMDAwMH0sInNjaGVtYV92ZXJzaW9uIjoiMSJ9",
          "dependencies": [
            "module.gcp-network.module.subnets.google_compute_subnetwork.subnetwork",
            "module.gcp-network.module.vpc.google_compute_network.network",
            "module.gke.data.google_compute_zones.available",
            "module.gke.data.google_container_engine_versions.region",
            "module.gke.data.google_container_engine_versions.zone",
            "module.gke.google_container_cluster.primary",
            "module.gke.google_service_account.cluster_service_account",
            "module.gke.random_shuffle.available_zones"
          ]
        }
      ]
    },
    {
      "module": "module.gke",
      "mode": "managed",
      "type": "random_shuffle",
      "name": "available_zones",
      "provider": "provider[\"registry.terraform.io/hashicorp/random\"]",
      "instances": [
        {
          "schema_version": 0,
          "attributes": {
            "id": "-",
            "input": [
              "europe-west2-a",
              "europe-west2-b",
              "europe-west2-c"
            ],
            "keepers": null,
            "result": [
              "europe-west2-c",
              "europe-west2-a",
              "europe-west2-b"
            ],
            "result_count": 3,
            "seed": null
          },
          "sensitive_attributes": [],
          "private": "bnVsbA==",
          "dependencies": [
            "module.gke.data.google_compute_zones.available"
          ]
        }
      ]
    },
    {
      "module": "module.gke",
      "mode": "managed",
      "type": "random_string",
      "name": "cluster_service_account_suffix",
      "provider": "provider[\"registry.terraform.io/hashicorp/random\"]",
      "instances": [
        {
          "schema_version": 1,
          "attributes": {
            "id": "3vkx",
            "keepers": null,
            "length": 4,
            "lower": true,
            "min_lower": 0,
            "min_numeric": 0,
            "min_special": 0,
            "min_upper": 0,
            "number": true,
            "override_special": null,
            "result": "3vkx",
            "special": false,
            "upper": false
          },
          "sensitive_attributes": [],
          "private": "eyJzY2hlbWFfdmVyc2lvbiI6IjEifQ=="
        }
      ]
    },
    {
      "module": "module.gke.module.gcloud_delete_default_kube_dns_configmap.module.gcloud_kubectl",
      "mode": "managed",
      "type": "null_resource",
      "name": "module_depends_on",
      "provider": "provider[\"registry.terraform.io/hashicorp/null\"]",
      "instances": [
        {
          "index_key": 0,
          "schema_version": 0,
          "attributes": {
            "id": "2509095175855405395",
            "triggers": {
              "value": "2"
            }
          },
          "sensitive_attributes": [],
          "private": "bnVsbA==",
          "dependencies": [
            "module.gcp-network.module.subnets.google_compute_subnetwork.subnetwork",
            "module.gcp-network.module.vpc.google_compute_network.network",
            "module.gke.data.google_compute_zones.available",
            "module.gke.data.google_container_engine_versions.region",
            "module.gke.data.google_container_engine_versions.zone",
            "module.gke.google_container_cluster.primary",
            "module.gke.google_container_node_pool.pools",
            "module.gke.google_service_account.cluster_service_account",
            "module.gke.random_shuffle.available_zones"
          ]
        }
      ]
    },
    {
      "module": "module.gke_auth",
      "mode": "data",
      "type": "google_client_config",
      "name": "provider",
      "provider": "provider[\"registry.terraform.io/hashicorp/google\"]",
      "instances": [
        {
          "schema_version": 0,
          "attributes": {
            "access_token": "ya29.c.KqgB_gcpamq32AArDN6ghFtlu1GoFKglrRoniN2rUqB2jIOp7w4pSvKhZexo99DXtyRyZAG3VqliLrMShOOBKBEMnMxlv5wB8ytYZVdduCQ5EewjsOkTrTFN_fCKHRou2M4QCrSehoRZbQsDXzBAx_TAxj1nfUao9deUXfAIwFATLkMySW89iXw8wPdYag9WarXa9ZIkQlWGb8omv8jp7UnrGmYHOUkQy6XR",
            "id": "projects/steam-kingdom-311415/regions/europe-west2/zones/",
            "project": "steam-kingdom-311415",
            "region": "europe-west2",
            "zone": ""
          },
          "sensitive_attributes": []
        }
      ]
    },
    {
      "module": "module.gke_auth",
      "mode": "data",
      "type": "google_container_cluster",
      "name": "gke_cluster",
      "provider": "provider[\"registry.terraform.io/hashicorp/google\"]",
      "instances": [
        {
          "schema_version": 0,
          "attributes": {
            "addons_config": [
              {
                "cloudrun_config": [],
                "horizontal_pod_autoscaling": [
                  {
                    "disabled": false
                  }
                ],
                "http_load_balancing": [
                  {
                    "disabled": false
                  }
                ],
                "network_policy_config": [
                  {
                    "disabled": true
                  }
                ]
              }
            ],
            "authenticator_groups_config": [],
            "cluster_autoscaling": [
              {
                "auto_provisioning_defaults": [],
                "enabled": false,
                "resource_limits": []
              }
            ],
            "cluster_ipv4_cidr": "10.20.0.0/16",
            "database_encryption": [
              {
                "key_name": "",
                "state": "DECRYPTED"
              }
            ],
            "datapath_provider": "",
            "default_max_pods_per_node": 110,
            "default_snat_status": [
              {
                "disabled": false
              }
            ],
            "description": "",
            "enable_autopilot": false,
            "enable_binary_authorization": false,
            "enable_intranode_visibility": false,
            "enable_kubernetes_alpha": false,
            "enable_legacy_abac": false,
            "enable_shielded_nodes": true,
            "enable_tpu": false,
            "endpoint": "34.89.102.245",
            "id": "projects/steam-kingdom-311415/locations/europe-west2/clusters/studyjam-cluster-prod",
            "initial_node_count": 0,
            "instance_group_urls": [
              "https://www.googleapis.com/compute/v1/projects/steam-kingdom-311415/zones/europe-west2-a/instanceGroups/gke-studyjam-cluster-prod-node-pool-313335af-grp",
              "https://www.googleapis.com/compute/v1/projects/steam-kingdom-311415/zones/europe-west2-b/instanceGroups/gke-studyjam-cluster-prod-node-pool-e01c3ffe-grp",
              "https://www.googleapis.com/compute/v1/projects/steam-kingdom-311415/zones/europe-west2-c/instanceGroups/gke-studyjam-cluster-prod-node-pool-66856341-grp"
            ],
            "ip_allocation_policy": [
              {
                "cluster_ipv4_cidr_block": "10.20.0.0/16",
                "cluster_secondary_range_name": "ip-range-pods",
                "services_ipv4_cidr_block": "10.30.0.0/16",
                "services_secondary_range_name": "ip-range-services"
              }
            ],
            "label_fingerprint": "a9dc16a7",
            "location": "europe-west2",
            "logging_service": "logging.googleapis.com/kubernetes",
            "maintenance_policy": [
              {
                "daily_maintenance_window": [
                  {
                    "duration": "PT4H0M0S",
                    "start_time": "05:00"
                  }
                ],
                "maintenance_exclusion": [],
                "recurring_window": []
              }
            ],
            "master_auth": [
              {
                "client_certificate": "",
                "client_certificate_config": [
                  {
                    "issue_client_certificate": false
                  }
                ],
                "client_key": "",
                "cluster_ca_certificate": "LS0tLS1CRUdJTiBDRVJUSUZJQ0FURS0tLS0tCk1JSURLekNDQWhPZ0F3SUJBZ0lSQU5GZGlFa3IyZnpoOFFkd1BPSk05VVF3RFFZSktvWklodmNOQVFFTEJRQXcKTHpFdE1Dc0dBMVVFQXhNa1pERmpPR0kzT0RndFlUZGhaQzAwT1RCa0xUZzJZall0WWpKa04yVXhZVEV4T1RZdwpNQjRYRFRJeE1EVXhNekEyTWpjd00xb1hEVEkyTURVeE1qQTNNamN3TTFvd0x6RXRNQ3NHQTFVRUF4TWtaREZqCk9HSTNPRGd0WVRkaFpDMDBPVEJrTFRnMllqWXRZakprTjJVeFlURXhPVFl3TUlJQklqQU5CZ2txaGtpRzl3MEIKQVFFRkFBT0NBUThBTUlJQkNnS0NBUUVBb29ZQnJGcndMN3AwMEpRTGZMcUFadHdxZGpLRnRTb0phL2s3YmthZQpEcGxmd3hpV3RZTm5lWmhtRG1iZE9SYTBia2NnRy84MXhZbXRPcVpWZVM2L0RqODRzajBmeVRnU1MyTkh4VW93CnVpVzZCRy9sNyswa3p6enExQjdqbE1JNkI2eVNtQVVNbHlEcURBYlBBV0pwcDlueC9RS3JLNTNaZ25sUkhNYUQKZW93NTRVUEs3Ylg3QjU2bWN3NkhUemlNRncyMnJYdkZoTGlCN0xZNEdOVFlLazhLUTIyRTV6OGlWY1VEdVBRTApVUC9UeHh1dS9WQ3BRMUxMUmZNd0U4WEtFWDdZTzVCdWdVYW1zdEgzZ0U5NStqeXZrOWYvWElINVBzYXB5M0syClpsN2NiU0NVUFQ4Nmdka3RkVkJTeUlTcVJrdXB3dFBHRjBYbFV1d2xIa2NGRVFJREFRQUJvMEl3UURBT0JnTlYKSFE4QkFmOEVCQU1DQWdRd0R3WURWUjBUQVFIL0JBVXdBd0VCL3pBZEJnTlZIUTRFRmdRVU5tcEZMRmN4QlFvYgpaMUFMdTVmSjFsbG9OVEl3RFFZSktvWklodmNOQVFFTEJRQURnZ0VCQUpNLytyOVEweTBwRXNvdi9NR1BvbnBYCkZwUWlITDdaL3l6S2p5cXhwOXZQOSs0RVFiRHBYWWFmSFpqM1RmS0JuU0VmZG9wNjljdFkrbzBQdnlKQythbGMKNnJWZG5iZ2hMK3VMQ0pLWjBoM0QxbDJYdm5ETE50OWVYNXRva1VZaWp5dHJYMUNVelYxMm1ubmdKanUzbnBCYQpPdzMvUHJOZW1nWlhJTE52dmJadCtUbUt2YnU3T0NsMVkwbW9TaUg4aERZNXR4K2ZzT2tyaVk3TTNWb0tjSEJoCkJScmdIRHdnNk1yVmFvd1JkQTNVeFArTzFVdXVZQjgzQ1JxbGFpZ0ZWbThINTdtcWRZeUVNazlQRHd6UythTTMKQTIvK2pIYTRjVHNjZzlKKzlhYkEyeGd2L1RBZ284MjV3ZEk3cnVFQ0FpaDcxUVphVG10V05yNWxaZHFiUWhnPQotLS0tLUVORCBDRVJUSUZJQ0FURS0tLS0tCg==",
                "password": "",
                "username": ""
              }
            ],
            "master_authorized_networks_config": [],
            "master_version": "1.19.9-gke.1900",
            "min_master_version": null,
            "monitoring_service": "monitoring.googleapis.com/kubernetes",
            "name": "studyjam-cluster-prod",
            "network": "projects/steam-kingdom-311415/global/networks/gke-network-prod",
            "network_policy": [
              {
                "enabled": false,
                "provider": "PROVIDER_UNSPECIFIED"
              }
            ],
            "networking_mode": "VPC_NATIVE",
            "node_config": [
              {
                "disk_size_gb": 30,
                "disk_type": "pd-standard",
                "guest_accelerator": [],
                "image_type": "COS",
                "labels": {
                  "cluster_name": "studyjam-cluster-prod",
                  "node_pool": "node-pool"
                },
                "local_ssd_count": 0,
                "machine_type": "e2-medium",
                "metadata": {
                  "cluster_name": "studyjam-cluster-prod",
                  "disable-legacy-endpoints": "true",
                  "node_pool": "node-pool"
                },
                "min_cpu_platform": "",
                "oauth_scopes": [
                  "https://www.googleapis.com/auth/cloud-platform"
                ],
                "preemptible": false,
                "service_account": "gke-service-account@steam-kingdom-311415.iam.gserviceaccount.com",
                "shielded_instance_config": [
                  {
                    "enable_integrity_monitoring": true,
                    "enable_secure_boot": false
                  }
                ],
                "tags": [
                  "gke-studyjam-cluster-prod",
                  "gke-studyjam-cluster-prod-node-pool"
                ],
                "taint": [],
                "workload_metadata_config": [
                  {
                    "node_metadata": "GKE_METADATA_SERVER"
                  }
                ]
              }
            ],
            "node_locations": [
              "europe-west2-a",
              "europe-west2-b",
              "europe-west2-c"
            ],
            "node_pool": [
              {
                "autoscaling": [
                  {
                    "max_node_count": 3,
                    "min_node_count": 1
                  }
                ],
                "initial_node_count": 1,
                "instance_group_urls": [
                  "https://www.googleapis.com/compute/v1/projects/steam-kingdom-311415/zones/europe-west2-a/instanceGroupManagers/gke-studyjam-cluster-prod-node-pool-313335af-grp",
                  "https://www.googleapis.com/compute/v1/projects/steam-kingdom-311415/zones/europe-west2-b/instanceGroupManagers/gke-studyjam-cluster-prod-node-pool-e01c3ffe-grp",
                  "https://www.googleapis.com/compute/v1/projects/steam-kingdom-311415/zones/europe-west2-c/instanceGroupManagers/gke-studyjam-cluster-prod-node-pool-66856341-grp"
                ],
                "management": [
                  {
                    "auto_repair": true,
                    "auto_upgrade": true
                  }
                ],
                "max_pods_per_node": 110,
                "name": "node-pool",
                "name_prefix": "",
                "node_config": [
                  {
                    "disk_size_gb": 30,
                    "disk_type": "pd-standard",
                    "guest_accelerator": [],
                    "image_type": "COS",
                    "labels": {
                      "cluster_name": "studyjam-cluster-prod",
                      "node_pool": "node-pool"
                    },
                    "local_ssd_count": 0,
                    "machine_type": "e2-medium",
                    "metadata": {
                      "cluster_name": "studyjam-cluster-prod",
                      "disable-legacy-endpoints": "true",
                      "node_pool": "node-pool"
                    },
                    "min_cpu_platform": "",
                    "oauth_scopes": [
                      "https://www.googleapis.com/auth/cloud-platform"
                    ],
                    "preemptible": false,
                    "service_account": "gke-service-account@steam-kingdom-311415.iam.gserviceaccount.com",
                    "shielded_instance_config": [
                      {
                        "enable_integrity_monitoring": true,
                        "enable_secure_boot": false
                      }
                    ],
                    "tags": [
                      "gke-studyjam-cluster-prod",
                      "gke-studyjam-cluster-prod-node-pool"
                    ],
                    "taint": [],
                    "workload_metadata_config": [
                      {
                        "node_metadata": "GKE_METADATA_SERVER"
                      }
                    ]
                  }
                ],
                "node_count": 1,
                "node_locations": [
                  "europe-west2-a",
                  "europe-west2-b",
                  "europe-west2-c"
                ],
                "upgrade_settings": [
                  {
                    "max_surge": 1,
                    "max_unavailable": 0
                  }
                ],
                "version": "1.19.9-gke.1900"
              }
            ],
            "node_version": "1.19.9-gke.1900",
            "operation": null,
            "pod_security_policy_config": null,
            "private_cluster_config": [],
            "private_ipv6_google_access": "",
            "project": "steam-kingdom-311415",
            "release_channel": [
              {
                "channel": "UNSPECIFIED"
              }
            ],
            "remove_default_node_pool": null,
            "resource_labels": {},
            "resource_usage_export_config": [],
            "self_link": "https://container.googleapis.com/v1beta1/projects/steam-kingdom-311415/locations/europe-west2/clusters/studyjam-cluster-prod",
            "services_ipv4_cidr": "10.30.0.0/16",
            "subnetwork": "projects/steam-kingdom-311415/regions/europe-west2/subnetworks/gke-subnet-prod",
            "tpu_ipv4_cidr_block": "",
            "vertical_pod_autoscaling": [
              {
                "enabled": false
              }
            ],
            "workload_identity_config": [
              {
                "identity_namespace": "steam-kingdom-311415.svc.id.goog"
              }
            ]
          },
          "sensitive_attributes": []
        }
      ]
    },
    {
      "module": "module.gke_auth",
      "mode": "data",
      "type": "template_file",
      "name": "kubeconfig",
      "provider": "provider[\"registry.terraform.io/hashicorp/template\"]",
      "instances": [
        {
          "schema_version": 0,
          "attributes": {
            "filename": null,
            "id": "dec5a71bcdb4ee04395aa92817cec876930dd4c811c77981fb9ce1adc6365ab7",
            "rendered": "apiVersion: v1\nclusters:\n- cluster:\n    certificate-authority-data: LS0tLS1CRUdJTiBDRVJUSUZJQ0FURS0tLS0tCk1JSURLekNDQWhPZ0F3SUJBZ0lSQU5GZGlFa3IyZnpoOFFkd1BPSk05VVF3RFFZSktvWklodmNOQVFFTEJRQXcKTHpFdE1Dc0dBMVVFQXhNa1pERmpPR0kzT0RndFlUZGhaQzAwT1RCa0xUZzJZall0WWpKa04yVXhZVEV4T1RZdwpNQjRYRFRJeE1EVXhNekEyTWpjd00xb1hEVEkyTURVeE1qQTNNamN3TTFvd0x6RXRNQ3NHQTFVRUF4TWtaREZqCk9HSTNPRGd0WVRkaFpDMDBPVEJrTFRnMllqWXRZakprTjJVeFlURXhPVFl3TUlJQklqQU5CZ2txaGtpRzl3MEIKQVFFRkFBT0NBUThBTUlJQkNnS0NBUUVBb29ZQnJGcndMN3AwMEpRTGZMcUFadHdxZGpLRnRTb0phL2s3YmthZQpEcGxmd3hpV3RZTm5lWmhtRG1iZE9SYTBia2NnRy84MXhZbXRPcVpWZVM2L0RqODRzajBmeVRnU1MyTkh4VW93CnVpVzZCRy9sNyswa3p6enExQjdqbE1JNkI2eVNtQVVNbHlEcURBYlBBV0pwcDlueC9RS3JLNTNaZ25sUkhNYUQKZW93NTRVUEs3Ylg3QjU2bWN3NkhUemlNRncyMnJYdkZoTGlCN0xZNEdOVFlLazhLUTIyRTV6OGlWY1VEdVBRTApVUC9UeHh1dS9WQ3BRMUxMUmZNd0U4WEtFWDdZTzVCdWdVYW1zdEgzZ0U5NStqeXZrOWYvWElINVBzYXB5M0syClpsN2NiU0NVUFQ4Nmdka3RkVkJTeUlTcVJrdXB3dFBHRjBYbFV1d2xIa2NGRVFJREFRQUJvMEl3UURBT0JnTlYKSFE4QkFmOEVCQU1DQWdRd0R3WURWUjBUQVFIL0JBVXdBd0VCL3pBZEJnTlZIUTRFRmdRVU5tcEZMRmN4QlFvYgpaMUFMdTVmSjFsbG9OVEl3RFFZSktvWklodmNOQVFFTEJRQURnZ0VCQUpNLytyOVEweTBwRXNvdi9NR1BvbnBYCkZwUWlITDdaL3l6S2p5cXhwOXZQOSs0RVFiRHBYWWFmSFpqM1RmS0JuU0VmZG9wNjljdFkrbzBQdnlKQythbGMKNnJWZG5iZ2hMK3VMQ0pLWjBoM0QxbDJYdm5ETE50OWVYNXRva1VZaWp5dHJYMUNVelYxMm1ubmdKanUzbnBCYQpPdzMvUHJOZW1nWlhJTE52dmJadCtUbUt2YnU3T0NsMVkwbW9TaUg4aERZNXR4K2ZzT2tyaVk3TTNWb0tjSEJoCkJScmdIRHdnNk1yVmFvd1JkQTNVeFArTzFVdXVZQjgzQ1JxbGFpZ0ZWbThINTdtcWRZeUVNazlQRHd6UythTTMKQTIvK2pIYTRjVHNjZzlKKzlhYkEyeGd2L1RBZ284MjV3ZEk3cnVFQ0FpaDcxUVphVG10V05yNWxaZHFiUWhnPQotLS0tLUVORCBDRVJUSUZJQ0FURS0tLS0tCg==\n    server: https://34.89.102.245\n  name: studyjam-cluster-prod\ncontexts:\n- context:\n    cluster: studyjam-cluster-prod\n    user: studyjam-cluster-prod\n  name: studyjam-cluster-prod\ncurrent-context: studyjam-cluster-prod\nkind: Config\npreferences: {}\nusers:\n- name: studyjam-cluster-prod\n  user:\n    token: ya29.c.KqgB_gcpamq32AArDN6ghFtlu1GoFKglrRoniN2rUqB2jIOp7w4pSvKhZexo99DXtyRyZAG3VqliLrMShOOBKBEMnMxlv5wB8ytYZVdduCQ5EewjsOkTrTFN_fCKHRou2M4QCrSehoRZbQsDXzBAx_TAxj1nfUao9deUXfAIwFATLkMySW89iXw8wPdYag9WarXa9ZIkQlWGb8omv8jp7UnrGmYHOUkQy6XR\n",
            "template": "apiVersion: v1\nclusters:\n- cluster:\n    certificate-authority-data: ${cluster_ca_certificate}\n    server: https://${endpoint}\n  name: ${context}\ncontexts:\n- context:\n    cluster: ${context}\n    user: ${context}\n  name: ${context}\ncurrent-context: ${context}\nkind: Config\npreferences: {}\nusers:\n- name: ${context}\n  user:\n    token: ${token}\n",
            "vars": {
              "cluster_ca_certificate": "LS0tLS1CRUdJTiBDRVJUSUZJQ0FURS0tLS0tCk1JSURLekNDQWhPZ0F3SUJBZ0lSQU5GZGlFa3IyZnpoOFFkd1BPSk05VVF3RFFZSktvWklodmNOQVFFTEJRQXcKTHpFdE1Dc0dBMVVFQXhNa1pERmpPR0kzT0RndFlUZGhaQzAwT1RCa0xUZzJZall0WWpKa04yVXhZVEV4T1RZdwpNQjRYRFRJeE1EVXhNekEyTWpjd00xb1hEVEkyTURVeE1qQTNNamN3TTFvd0x6RXRNQ3NHQTFVRUF4TWtaREZqCk9HSTNPRGd0WVRkaFpDMDBPVEJrTFRnMllqWXRZakprTjJVeFlURXhPVFl3TUlJQklqQU5CZ2txaGtpRzl3MEIKQVFFRkFBT0NBUThBTUlJQkNnS0NBUUVBb29ZQnJGcndMN3AwMEpRTGZMcUFadHdxZGpLRnRTb0phL2s3YmthZQpEcGxmd3hpV3RZTm5lWmhtRG1iZE9SYTBia2NnRy84MXhZbXRPcVpWZVM2L0RqODRzajBmeVRnU1MyTkh4VW93CnVpVzZCRy9sNyswa3p6enExQjdqbE1JNkI2eVNtQVVNbHlEcURBYlBBV0pwcDlueC9RS3JLNTNaZ25sUkhNYUQKZW93NTRVUEs3Ylg3QjU2bWN3NkhUemlNRncyMnJYdkZoTGlCN0xZNEdOVFlLazhLUTIyRTV6OGlWY1VEdVBRTApVUC9UeHh1dS9WQ3BRMUxMUmZNd0U4WEtFWDdZTzVCdWdVYW1zdEgzZ0U5NStqeXZrOWYvWElINVBzYXB5M0syClpsN2NiU0NVUFQ4Nmdka3RkVkJTeUlTcVJrdXB3dFBHRjBYbFV1d2xIa2NGRVFJREFRQUJvMEl3UURBT0JnTlYKSFE4QkFmOEVCQU1DQWdRd0R3WURWUjBUQVFIL0JBVXdBd0VCL3pBZEJnTlZIUTRFRmdRVU5tcEZMRmN4QlFvYgpaMUFMdTVmSjFsbG9OVEl3RFFZSktvWklodmNOQVFFTEJRQURnZ0VCQUpNLytyOVEweTBwRXNvdi9NR1BvbnBYCkZwUWlITDdaL3l6S2p5cXhwOXZQOSs0RVFiRHBYWWFmSFpqM1RmS0JuU0VmZG9wNjljdFkrbzBQdnlKQythbGMKNnJWZG5iZ2hMK3VMQ0pLWjBoM0QxbDJYdm5ETE50OWVYNXRva1VZaWp5dHJYMUNVelYxMm1ubmdKanUzbnBCYQpPdzMvUHJOZW1nWlhJTE52dmJadCtUbUt2YnU3T0NsMVkwbW9TaUg4aERZNXR4K2ZzT2tyaVk3TTNWb0tjSEJoCkJScmdIRHdnNk1yVmFvd1JkQTNVeFArTzFVdXVZQjgzQ1JxbGFpZ0ZWbThINTdtcWRZeUVNazlQRHd6UythTTMKQTIvK2pIYTRjVHNjZzlKKzlhYkEyeGd2L1RBZ284MjV3ZEk3cnVFQ0FpaDcxUVphVG10V05yNWxaZHFiUWhnPQotLS0tLUVORCBDRVJUSUZJQ0FURS0tLS0tCg==",
              "context": "studyjam-cluster-prod",
              "endpoint": "34.89.102.245",
              "token": "ya29.c.KqgB_gcpamq32AArDN6ghFtlu1GoFKglrRoniN2rUqB2jIOp7w4pSvKhZexo99DXtyRyZAG3VqliLrMShOOBKBEMnMxlv5wB8ytYZVdduCQ5EewjsOkTrTFN_fCKHRou2M4QCrSehoRZbQsDXzBAx_TAxj1nfUao9deUXfAIwFATLkMySW89iXw8wPdYag9WarXa9ZIkQlWGb8omv8jp7UnrGmYHOUkQy6XR"
            }
          },
          "sensitive_attributes": [
            [
              {
                "type": "get_attr",
                "value": "vars"
              },
              {
                "type": "index",
                "value": {
                  "value": "token",
                  "type": "string"
                }
              }
            ]
          ]
        }
      ]
    }
  ]
}
